
Microsoft Visual Studio Solution File, Format Version 12.00
# Visual Studio Version 16
VisualStudioVersion = 16.0.30320.27
MinimumVisualStudioVersion = 10.0.40219.1
Project("{FAE04EC0-301F-11D3-BF4B-00C04F79EFBC}") = "TryCatchAssignment", "TryCatchAssignment\TryCatchAssignment.csproj", "{C9ED47CC-A870-4716-A6C8-08C18B5F9080}"
EndProject
Global
	GlobalSection(SolutionConfigurationPlatforms) = preSolution
		Debug|Any CPU = Debug|Any CPU
		Release|Any CPU = Release|Any CPU
	EndGlobalSection
	GlobalSection(ProjectConfigurationPlatforms) = postSolution
		{C9ED47CC-A870-4716-A6C8-08C18B5F9080}.Debug|Any CPU.ActiveCfg = Debug|Any CPU
		{C9ED47CC-A870-4716-A6C8-08C18B5F9080}.Debug|Any CPU.Build.0 = Debug|Any CPU
		{C9ED47CC-A870-4716-A6C8-08C18B5F9080}.Release|Any CPU.ActiveCfg = Release|Any CPU
		{C9ED47CC-A870-4716-A6C8-08C18B5F9080}.Release|Any CPU.Build.0 = Release|Any CPU
	EndGlobalSection
	GlobalSection(SolutionProperties) = preSolution
		HideSolutionNode = FALSE
	EndGlobalSection
	GlobalSection(ExtensibilityGlobals) = postSolution
		SolutionGuid = {31B94CC6-D2C6-4B39-9FC7-9E0F42614957}
	EndGlobalSection
EndGlobal
