
Microsoft Visual Studio Solution File, Format Version 12.00
# Visual Studio Version 16
VisualStudioVersion = 16.0.30320.27
MinimumVisualStudioVersion = 10.0.40219.1
Project("{FAE04EC0-301F-11D3-BF4B-00C04F79EFBC}") = "interfaceAssignmentpg240", "interfaceAssignmentpg240\interfaceAssignmentpg240.csproj", "{9BFB9BB8-8E08-4E9D-B02D-937B9BB17EED}"
EndProject
Global
	GlobalSection(SolutionConfigurationPlatforms) = preSolution
		Debug|Any CPU = Debug|Any CPU
		Release|Any CPU = Release|Any CPU
	EndGlobalSection
	GlobalSection(ProjectConfigurationPlatforms) = postSolution
		{9BFB9BB8-8E08-4E9D-B02D-937B9BB17EED}.Debug|Any CPU.ActiveCfg = Debug|Any CPU
		{9BFB9BB8-8E08-4E9D-B02D-937B9BB17EED}.Debug|Any CPU.Build.0 = Debug|Any CPU
		{9BFB9BB8-8E08-4E9D-B02D-937B9BB17EED}.Release|Any CPU.ActiveCfg = Release|Any CPU
		{9BFB9BB8-8E08-4E9D-B02D-937B9BB17EED}.Release|Any CPU.Build.0 = Release|Any CPU
	EndGlobalSection
	GlobalSection(SolutionProperties) = preSolution
		HideSolutionNode = FALSE
	EndGlobalSection
	GlobalSection(ExtensibilityGlobals) = postSolution
		SolutionGuid = {340566F5-23D6-4BCF-B782-1222B2773859}
	EndGlobalSection
EndGlobal
