
Microsoft Visual Studio Solution File, Format Version 12.00
# Visual Studio Version 16
VisualStudioVersion = 16.0.30320.27
MinimumVisualStudioVersion = 10.0.40219.1
Project("{FAE04EC0-301F-11D3-BF4B-00C04F79EFBC}") = "MethodsAssignment3", "MethodsAssignment3\MethodsAssignment3.csproj", "{D3E0DD9E-7147-483F-87D3-EF553A146722}"
EndProject
Global
	GlobalSection(SolutionConfigurationPlatforms) = preSolution
		Debug|Any CPU = Debug|Any CPU
		Release|Any CPU = Release|Any CPU
	EndGlobalSection
	GlobalSection(ProjectConfigurationPlatforms) = postSolution
		{D3E0DD9E-7147-483F-87D3-EF553A146722}.Debug|Any CPU.ActiveCfg = Debug|Any CPU
		{D3E0DD9E-7147-483F-87D3-EF553A146722}.Debug|Any CPU.Build.0 = Debug|Any CPU
		{D3E0DD9E-7147-483F-87D3-EF553A146722}.Release|Any CPU.ActiveCfg = Release|Any CPU
		{D3E0DD9E-7147-483F-87D3-EF553A146722}.Release|Any CPU.Build.0 = Release|Any CPU
	EndGlobalSection
	GlobalSection(SolutionProperties) = preSolution
		HideSolutionNode = FALSE
	EndGlobalSection
	GlobalSection(ExtensibilityGlobals) = postSolution
		SolutionGuid = {12F8C259-2FCE-4FB9-9196-B134D601174D}
	EndGlobalSection
EndGlobal
